
Microsoft Visual Studio Solution File, Format Version 12.00
# Visual Studio Version 17
VisualStudioVersion = 17.8.34330.188
MinimumVisualStudioVersion = 10.0.40219.1
Project("{FAE04EC0-301F-11D3-BF4B-00C04F79EFBC}") = "HRManager", "HRManager\HRManager.csproj", "{C52F6C7E-3BE7-4F36-9821-825903E90A8A}"
EndProject
Global
	GlobalSection(SolutionConfigurationPlatforms) = preSolution
		Debug|Any CPU = Debug|Any CPU
		Release|Any CPU = Release|Any CPU
	EndGlobalSection
	GlobalSection(ProjectConfigurationPlatforms) = postSolution
		{C52F6C7E-3BE7-4F36-9821-825903E90A8A}.Debug|Any CPU.ActiveCfg = Debug|Any CPU
		{C52F6C7E-3BE7-4F36-9821-825903E90A8A}.Debug|Any CPU.Build.0 = Debug|Any CPU
		{C52F6C7E-3BE7-4F36-9821-825903E90A8A}.Release|Any CPU.ActiveCfg = Release|Any CPU
		{C52F6C7E-3BE7-4F36-9821-825903E90A8A}.Release|Any CPU.Build.0 = Release|Any CPU
	EndGlobalSection
	GlobalSection(SolutionProperties) = preSolution
		HideSolutionNode = FALSE
	EndGlobalSection
	GlobalSection(ExtensibilityGlobals) = postSolution
		SolutionGuid = {840F5452-4ECA-4F04-9583-7AAC709B6218}
	EndGlobalSection
EndGlobal
